// !$*UTF8*$!
{
	archiveVersion = 1;
	classes = {
	};
	objectVersion = 55;
	objects = {

/* Begin PBXBuildFile section */
		8A0AE2F6289A0C3D0028BADF /* AppDelegate.swift in Sources */ = {isa = PBXBuildFile; fileRef = 8A0AE2F5289A0C3D0028BADF /* AppDelegate.swift */; };
		8A0AE2F8289A0C3D0028BADF /* SceneDelegate.swift in Sources */ = {isa = PBXBuildFile; fileRef = 8A0AE2F7289A0C3D0028BADF /* SceneDelegate.swift */; };
		8A0AE2FA289A0C3D0028BADF /* ViewController.swift in Sources */ = {isa = PBXBuildFile; fileRef = 8A0AE2F9289A0C3D0028BADF /* ViewController.swift */; };
		8A0AE2FD289A0C3D0028BADF /* Main.storyboard in Resources */ = {isa = PBXBuildFile; fileRef = 8A0AE2FB289A0C3D0028BADF /* Main.storyboard */; };
		8A0AE2FF289A0C3F0028BADF /* Assets.xcassets in Resources */ = {isa = PBXBuildFile; fileRef = 8A0AE2FE289A0C3F0028BADF /* Assets.xcassets */; };
		8A0AE302289A0C3F0028BADF /* LaunchScreen.storyboard in Resources */ = {isa = PBXBuildFile; fileRef = 8A0AE300289A0C3F0028BADF /* LaunchScreen.storyboard */; };
		8A0AE30D289A0C3F0028BADF /* test2Tests.swift in Sources */ = {isa = PBXBuildFile; fileRef = 8A0AE30C289A0C3F0028BADF /* test2Tests.swift */; };
		8A0AE317289A0C3F0028BADF /* test2UITests.swift in Sources */ = {isa = PBXBuildFile; fileRef = 8A0AE316289A0C3F0028BADF /* test2UITests.swift */; };
		8A0AE319289A0C3F0028BADF /* test2UITestsLaunchTests.swift in Sources */ = {isa = PBXBuildFile; fileRef = 8A0AE318289A0C3F0028BADF /* test2UITestsLaunchTests.swift */; };
/* End PBXBuildFile section */

/* Begin PBXContainerItemProxy section */
		8A0AE309289A0C3F0028BADF /* PBXContainerItemProxy */ = {
			isa = PBXContainerItemProxy;
			containerPortal = 8A0AE2EA289A0C3D0028BADF /* Project object */;
			proxyType = 1;
			remoteGlobalIDString = 8A0AE2F1289A0C3D0028BADF;
			remoteInfo = test2;
		};
		8A0AE313289A0C3F0028BADF /* PBXContainerItemProxy */ = {
			isa = PBXContainerItemProxy;
			containerPortal = 8A0AE2EA289A0C3D0028BADF /* Project object */;
			proxyType = 1;
			remoteGlobalIDString = 8A0AE2F1289A0C3D0028BADF;
			remoteInfo = test2;
		};
/* End PBXContainerItemProxy section */

/* Begin PBXFileReference section */
		8A0AE2F2289A0C3D0028BADF /* test2.app */ = {isa = PBXFileReference; explicitFileType = wrapper.application; includeInIndex = 0; path = test2.app; sourceTree = BUILT_PRODUCTS_DIR; };
		8A0AE2F5289A0C3D0028BADF /* AppDelegate.swift */ = {isa = PBXFileReference; lastKnownFileType = sourcecode.swift; path = AppDelegate.swift; sourceTree = "<group>"; };
		8A0AE2F7289A0C3D0028BADF /* SceneDelegate.swift */ = {isa = PBXFileReference; lastKnownFileType = sourcecode.swift; path = SceneDelegate.swift; sourceTree = "<group>"; };
		8A0AE2F9289A0C3D0028BADF /* ViewController.swift */ = {isa = PBXFileReference; lastKnownFileType = sourcecode.swift; path = ViewController.swift; sourceTree = "<group>"; };
		8A0AE2FC289A0C3D0028BADF /* Base */ = {isa = PBXFileReference; lastKnownFileType = file.storyboard; name = Base; path = Base.lproj/Main.storyboard; sourceTree = "<group>"; };
		8A0AE2FE289A0C3F0028BADF /* Assets.xcassets */ = {isa = PBXFileReference; lastKnownFileType = folder.assetcatalog; path = Assets.xcassets; sourceTree = "<group>"; };
		8A0AE301289A0C3F0028BADF /* Base */ = {isa = PBXFileReference; lastKnownFileType = file.storyboard; name = Base; path = Base.lproj/LaunchScreen.storyboard; sourceTree = "<group>"; };
		8A0AE303289A0C3F0028BADF /* Info.plist */ = {isa = PBXFileReference; lastKnownFileType = text.plist.xml; path = Info.plist; sourceTree = "<group>"; };
		8A0AE308289A0C3F0028BADF /* test2Tests.xctest */ = {isa = PBXFileReference; explicitFileType = wrapper.cfbundle; includeInIndex = 0; path = test2Tests.xctest; sourceTree = BUILT_PRODUCTS_DIR; };
		8A0AE30C289A0C3F0028BADF /* test2Tests.swift */ = {isa = PBXFileReference; lastKnownFileType = sourcecode.swift; path = test2Tests.swift; sourceTree = "<group>"; };
		8A0AE312289A0C3F0028BADF /* test2UITests.xctest */ = {isa = PBXFileReference; explicitFileType = wrapper.cfbundle; includeInIndex = 0; path = test2UITests.xctest; sourceTree = BUILT_PRODUCTS_DIR; };
		8A0AE316289A0C3F0028BADF /* test2UITests.swift */ = {isa = PBXFileReference; lastKnownFileType = sourcecode.swift; path = test2UITests.swift; sourceTree = "<group>"; };
		8A0AE318289A0C3F0028BADF /* test2UITestsLaunchTests.swift */ = {isa = PBXFileReference; lastKnownFileType = sourcecode.swift; path = test2UITestsLaunchTests.swift; sourceTree = "<group>"; };
/* End PBXFileReference section */

/* Begin PBXFrameworksBuildPhase section */
		8A0AE2EF289A0C3D0028BADF /* Frameworks */ = {
			isa = PBXFrameworksBuildPhase;
			buildActionMask = 2147483647;
			files = (
			);
			runOnlyForDeploymentPostprocessing = 0;
		};
		8A0AE305289A0C3F0028BADF /* Frameworks */ = {
			isa = PBXFrameworksBuildPhase;
			buildActionMask = 2147483647;
			files = (
			);
			runOnlyForDeploymentPostprocessing = 0;
		};
		8A0AE30F289A0C3F0028BADF /* Frameworks */ = {
			isa = PBXFrameworksBuildPhase;
			buildActionMask = 2147483647;
			files = (
			);
			runOnlyForDeploymentPostprocessing = 0;
		};
/* End PBXFrameworksBuildPhase section */

/* Begin PBXGroup section */
		8A0AE2E9289A0C3D0028BADF = {
			isa = PBXGroup;
			children = (
				8A0AE2F4289A0C3D0028BADF /* test2 */,
				8A0AE30B289A0C3F0028BADF /* test2Tests */,
				8A0AE315289A0C3F0028BADF /* test2UITests */,
				8A0AE2F3289A0C3D0028BADF /* Products */,
			);
			sourceTree = "<group>";
		};
		8A0AE2F3289A0C3D0028BADF /* Products */ = {
			isa = PBXGroup;
			children = (
				8A0AE2F2289A0C3D0028BADF /* test2.app */,
				8A0AE308289A0C3F0028BADF /* test2Tests.xctest */,
				8A0AE312289A0C3F0028BADF /* test2UITests.xctest */,
			);
			name = Products;
			sourceTree = "<group>";
		};
		8A0AE2F4289A0C3D0028BADF /* test2 */ = {
			isa = PBXGroup;
			children = (
				8A0AE2F5289A0C3D0028BADF /* AppDelegate.swift */,
				8A0AE2F7289A0C3D0028BADF /* SceneDelegate.swift */,
				8A0AE2F9289A0C3D0028BADF /* ViewController.swift */,
				8A0AE2FB289A0C3D0028BADF /* Main.storyboard */,
				8A0AE2FE289A0C3F0028BADF /* Assets.xcassets */,
				8A0AE300289A0C3F0028BADF /* LaunchScreen.storyboard */,
				8A0AE303289A0C3F0028BADF /* Info.plist */,
			);
			path = test2;
			sourceTree = "<group>";
		};
		8A0AE30B289A0C3F0028BADF /* test2Tests */ = {
			isa = PBXGroup;
			children = (
				8A0AE30C289A0C3F0028BADF /* test2Tests.swift */,
			);
			path = test2Tests;
			sourceTree = "<group>";
		};
		8A0AE315289A0C3F0028BADF /* test2UITests */ = {
			isa = PBXGroup;
			children = (
				8A0AE316289A0C3F0028BADF /* test2UITests.swift */,
				8A0AE318289A0C3F0028BADF /* test2UITestsLaunchTests.swift */,
			);
			path = test2UITests;
			sourceTree = "<group>";
		};
/* End PBXGroup section */

/* Begin PBXNativeTarget section */
		8A0AE2F1289A0C3D0028BADF /* test2 */ = {
			isa = PBXNativeTarget;
			buildConfigurationList = 8A0AE31C289A0C3F0028BADF /* Build configuration list for PBXNativeTarget "test2" */;
			buildPhases = (
				8A0AE2EE289A0C3D0028BADF /* Sources */,
				8A0AE2EF289A0C3D0028BADF /* Frameworks */,
				8A0AE2F0289A0C3D0028BADF /* Resources */,
			);
			buildRules = (
			);
			dependencies = (
			);
			name = test2;
			productName = test2;
			productReference = 8A0AE2F2289A0C3D0028BADF /* test2.app */;
			productType = "com.apple.product-type.application";
		};
		8A0AE307289A0C3F0028BADF /* test2Tests */ = {
			isa = PBXNativeTarget;
			buildConfigurationList = 8A0AE31F289A0C3F0028BADF /* Build configuration list for PBXNativeTarget "test2Tests" */;
			buildPhases = (
				8A0AE304289A0C3F0028BADF /* Sources */,
				8A0AE305289A0C3F0028BADF /* Frameworks */,
				8A0AE306289A0C3F0028BADF /* Resources */,
			);
			buildRules = (
			);
			dependencies = (
				8A0AE30A289A0C3F0028BADF /* PBXTargetDependency */,
			);
			name = test2Tests;
			productName = test2Tests;
			productReference = 8A0AE308289A0C3F0028BADF /* test2Tests.xctest */;
			productType = "com.apple.product-type.bundle.unit-test";
		};
		8A0AE311289A0C3F0028BADF /* test2UITests */ = {
			isa = PBXNativeTarget;
			buildConfigurationList = 8A0AE322289A0C3F0028BADF /* Build configuration list for PBXNativeTarget "test2UITests" */;
			buildPhases = (
				8A0AE30E289A0C3F0028BADF /* Sources */,
				8A0AE30F289A0C3F0028BADF /* Frameworks */,
				8A0AE310289A0C3F0028BADF /* Resources */,
			);
			buildRules = (
			);
			dependencies = (
				8A0AE314289A0C3F0028BADF /* PBXTargetDependency */,
			);
			name = test2UITests;
			productName = test2UITests;
			productReference = 8A0AE312289A0C3F0028BADF /* test2UITests.xctest */;
			productType = "com.apple.product-type.bundle.ui-testing";
		};
/* End PBXNativeTarget section */

/* Begin PBXProject section */
		8A0AE2EA289A0C3D0028BADF /* Project object */ = {
			isa = PBXProject;
			attributes = {
				BuildIndependentTargetsInParallel = 1;
				LastSwiftUpdateCheck = 1320;
				LastUpgradeCheck = 1320;
				TargetAttributes = {
					8A0AE2F1289A0C3D0028BADF = {
						CreatedOnToolsVersion = 13.2.1;
					};
					8A0AE307289A0C3F0028BADF = {
						CreatedOnToolsVersion = 13.2.1;
						TestTargetID = 8A0AE2F1289A0C3D0028BADF;
					};
					8A0AE311289A0C3F0028BADF = {
						CreatedOnToolsVersion = 13.2.1;
						TestTargetID = 8A0AE2F1289A0C3D0028BADF;
					};
				};
			};
			buildConfigurationList = 8A0AE2ED289A0C3D0028BADF /* Build configuration list for PBXProject "test2" */;
			compatibilityVersion = "Xcode 13.0";
			developmentRegion = en;
			hasScannedForEncodings = 0;
			knownRegions = (
				en,
				Base,
			);
			mainGroup = 8A0AE2E9289A0C3D0028BADF;
			productRefGroup = 8A0AE2F3289A0C3D0028BADF /* Products */;
			projectDirPath = "";
			projectRoot = "";
			targets = (
				8A0AE2F1289A0C3D0028BADF /* test2 */,
				8A0AE307289A0C3F0028BADF /* test2Tests */,
				8A0AE311289A0C3F0028BADF /* test2UITests */,
			);
		};
/* End PBXProject section */

/* Begin PBXResourcesBuildPhase section */
		8A0AE2F0289A0C3D0028BADF /* Resources */ = {
			isa = PBXResourcesBuildPhase;
			buildActionMask = 2147483647;
			files = (
				8A0AE302289A0C3F0028BADF /* LaunchScreen.storyboard in Resources */,
				8A0AE2FF289A0C3F0028BADF /* Assets.xcassets in Resources */,
				8A0AE2FD289A0C3D0028BADF /* Main.storyboard in Resources */,
			);
			runOnlyForDeploymentPostprocessing = 0;
		};
		8A0AE306289A0C3F0028BADF /* Resources */ = {
			isa = PBXResourcesBuildPhase;
			buildActionMask = 2147483647;
			files = (
			);
			runOnlyForDeploymentPostprocessing = 0;
		};
		8A0AE310289A0C3F0028BADF /* Resources */ = {
			isa = PBXResourcesBuildPhase;
			buildActionMask = 2147483647;
			files = (
			);
			runOnlyForDeploymentPostprocessing = 0;
		};
/* End PBXResourcesBuildPhase section */

/* Begin PBXSourcesBuildPhase section */
		8A0AE2EE289A0C3D0028BADF /* Sources */ = {
			isa = PBXSourcesBuildPhase;
			buildActionMask = 2147483647;
			files = (
				8A0AE2FA289A0C3D0028BADF /* ViewController.swift in Sources */,
				8A0AE2F6289A0C3D0028BADF /* AppDelegate.swift in Sources */,
				8A0AE2F8289A0C3D0028BADF /* SceneDelegate.swift in Sources */,
			);
			runOnlyForDeploymentPostprocessing = 0;
		};
		8A0AE304289A0C3F0028BADF /* Sources */ = {
			isa = PBXSourcesBuildPhase;
			buildActionMask = 2147483647;
			files = (
				8A0AE30D289A0C3F0028BADF /* test2Tests.swift in Sources */,
			);
			runOnlyForDeploymentPostprocessing = 0;
		};
		8A0AE30E289A0C3F0028BADF /* Sources */ = {
			isa = PBXSourcesBuildPhase;
			buildActionMask = 2147483647;
			files = (
				8A0AE317289A0C3F0028BADF /* test2UITests.swift in Sources */,
				8A0AE319289A0C3F0028BADF /* test2UITestsLaunchTests.swift in Sources */,
			);
			runOnlyForDeploymentPostprocessing = 0;
		};
/* End PBXSourcesBuildPhase section */

/* Begin PBXTargetDependency section */
		8A0AE30A289A0C3F0028BADF /* PBXTargetDependency */ = {
			isa = PBXTargetDependency;
			target = 8A0AE2F1289A0C3D0028BADF /* test2 */;
			targetProxy = 8A0AE309289A0C3F0028BADF /* PBXContainerItemProxy */;
		};
		8A0AE314289A0C3F0028BADF /* PBXTargetDependency */ = {
			isa = PBXTargetDependency;
			target = 8A0AE2F1289A0C3D0028BADF /* test2 */;
			targetProxy = 8A0AE313289A0C3F0028BADF /* PBXContainerItemProxy */;
		};
/* End PBXTargetDependency section */

/* Begin PBXVariantGroup section */
		8A0AE2FB289A0C3D0028BADF /* Main.storyboard */ = {
			isa = PBXVariantGroup;
			children = (
				8A0AE2FC289A0C3D0028BADF /* Base */,
			);
			name = Main.storyboard;
			sourceTree = "<group>";
		};
		8A0AE300289A0C3F0028BADF /* LaunchScreen.storyboard */ = {
			isa = PBXVariantGroup;
			children = (
				8A0AE301289A0C3F0028BADF /* Base */,
			);
			name = LaunchScreen.storyboard;
			sourceTree = "<group>";
		};
/* End PBXVariantGroup section */

/* Begin XCBuildConfiguration section */
		8A0AE31A289A0C3F0028BADF /* Debug */ = {
			isa = XCBuildConfiguration;
			buildSettings = {
				ALWAYS_SEARCH_USER_PATHS = NO;
				CLANG_ANALYZER_NONNULL = YES;
				CLANG_ANALYZER_NUMBER_OBJECT_CONVERSION = YES_AGGRESSIVE;
				CLANG_CXX_LANGUAGE_STANDARD = "gnu++17";
				CLANG_CXX_LIBRARY = "libc++";
				CLANG_ENABLE_MODULES = YES;
				CLANG_ENABLE_OBJC_ARC = YES;
				CLANG_ENABLE_OBJC_WEAK = YES;
				CLANG_WARN_BLOCK_CAPTURE_AUTORELEASING = YES;
				CLANG_WARN_BOOL_CONVERSION = YES;
				CLANG_WARN_COMMA = YES;
				CLANG_WARN_CONSTANT_CONVERSION = YES;
				CLANG_WARN_DEPRECATED_OBJC_IMPLEMENTATIONS = YES;
				CLANG_WARN_DIRECT_OBJC_ISA_USAGE = YES_ERROR;
				CLANG_WARN_DOCUMENTATION_COMMENTS = YES;
				CLANG_WARN_EMPTY_BODY = YES;
				CLANG_WARN_ENUM_CONVERSION = YES;
				CLANG_WARN_INFINITE_RECURSION = YES;
				CLANG_WARN_INT_CONVERSION = YES;
				CLANG_WARN_NON_LITERAL_NULL_CONVERSION = YES;
				CLANG_WARN_OBJC_IMPLICIT_RETAIN_SELF = YES;
				CLANG_WARN_OBJC_LITERAL_CONVERSION = YES;
				CLANG_WARN_OBJC_ROOT_CLASS = YES_ERROR;
				CLANG_WARN_QUOTED_INCLUDE_IN_FRAMEWORK_HEADER = YES;
				CLANG_WARN_RANGE_LOOP_ANALYSIS = YES;
				CLANG_WARN_STRICT_PROTOTYPES = YES;
				CLANG_WARN_SUSPICIOUS_MOVE = YES;
				CLANG_WARN_UNGUARDED_AVAILABILITY = YES_AGGRESSIVE;
				CLANG_WARN_UNREACHABLE_CODE = YES;
				CLANG_WARN__DUPLICATE_METHOD_MATCH = YES;
				COPY_PHASE_STRIP = NO;
				DEBUG_INFORMATION_FORMAT = dwarf;
				ENABLE_STRICT_OBJC_MSGSEND = YES;
				ENABLE_TESTABILITY = YES;
				GCC_C_LANGUAGE_STANDARD = gnu11;
				GCC_DYNAMIC_NO_PIC = NO;
				GCC_NO_COMMON_BLOCKS = YES;
				GCC_OPTIMIZATION_LEVEL = 0;
				GCC_PREPROCESSOR_DEFINITIONS = (
					"DEBUG=1",
					"$(inherited)",
				);
				GCC_WARN_64_TO_32_BIT_CONVERSION = YES;
				GCC_WARN_ABOUT_RETURN_TYPE = YES_ERROR;
				GCC_WARN_UNDECLARED_SELECTOR = YES;
				GCC_WARN_UNINITIALIZED_AUTOS = YES_AGGRESSIVE;
				GCC_WARN_UNUSED_FUNCTION = YES;
				GCC_WARN_UNUSED_VARIABLE = YES;
				IPHONEOS_DEPLOYMENT_TARGET = 15.2;
				MTL_ENABLE_DEBUG_INFO = INCLUDE_SOURCE;
				MTL_FAST_MATH = YES;
				ONLY_ACTIVE_ARCH = YES;
				SDKROOT = iphoneos;
				SWIFT_ACTIVE_COMPILATION_CONDITIONS = DEBUG;
				SWIFT_OPTIMIZATION_LEVEL = "-Onone";
			};
			name = Debug;
		};
		8A0AE31B289A0C3F0028BADF /* Release */ = {
			isa = XCBuildConfiguration;
			buildSettings = {
				ALWAYS_SEARCH_USER_PATHS = NO;
				CLANG_ANALYZER_NONNULL = YES;
				CLANG_ANALYZER_NUMBER_OBJECT_CONVERSION = YES_AGGRESSIVE;
				CLANG_CXX_LANGUAGE_STANDARD = "gnu++17";
				CLANG_CXX_LIBRARY = "libc++";
				CLANG_ENABLE_MODULES = YES;
				CLANG_ENABLE_OBJC_ARC = YES;
				CLANG_ENABLE_OBJC_WEAK = YES;
				CLANG_WARN_BLOCK_CAPTURE_AUTORELEASING = YES;
				CLANG_WARN_BOOL_CONVERSION = YES;
				CLANG_WARN_COMMA = YES;
				CLANG_WARN_CONSTANT_CONVERSION = YES;
				CLANG_WARN_DEPRECATED_OBJC_IMPLEMENTATIONS = YES;
				CLANG_WARN_DIRECT_OBJC_ISA_USAGE = YES_ERROR;
				CLANG_WARN_DOCUMENTATION_COMMENTS = YES;
				CLANG_WARN_EMPTY_BODY = YES;
				CLANG_WARN_ENUM_CONVERSION = YES;
				CLANG_WARN_INFINITE_RECURSION = YES;
				CLANG_WARN_INT_CONVERSION = YES;
				CLANG_WARN_NON_LITERAL_NULL_CONVERSION = YES;
				CLANG_WARN_OBJC_IMPLICIT_RETAIN_SELF = YES;
				CLANG_WARN_OBJC_LITERAL_CONVERSION = YES;
				CLANG_WARN_OBJC_ROOT_CLASS = YES_ERROR;
				CLANG_WARN_QUOTED_INCLUDE_IN_FRAMEWORK_HEADER = YES;
				CLANG_WARN_RANGE_LOOP_ANALYSIS = YES;
				CLANG_WARN_STRICT_PROTOTYPES = YES;
				CLANG_WARN_SUSPICIOUS_MOVE = YES;
				CLANG_WARN_UNGUARDED_AVAILABILITY = YES_AGGRESSIVE;
				CLANG_WARN_UNREACHABLE_CODE = YES;
				CLANG_WARN__DUPLICATE_METHOD_MATCH = YES;
				COPY_PHASE_STRIP = NO;
				DEBUG_INFORMATION_FORMAT = "dwarf-with-dsym";
				ENABLE_NS_ASSERTIONS = NO;
				ENABLE_STRICT_OBJC_MSGSEND = YES;
				GCC_C_LANGUAGE_STANDARD = gnu11;
				GCC_NO_COMMON_BLOCKS = YES;
				GCC_WARN_64_TO_32_BIT_CONVERSION = YES;
				GCC_WARN_ABOUT_RETURN_TYPE = YES_ERROR;
				GCC_WARN_UNDECLARED_SELECTOR = YES;
				GCC_WARN_UNINITIALIZED_AUTOS = YES_AGGRESSIVE;
				GCC_WARN_UNUSED_FUNCTION = YES;
				GCC_WARN_UNUSED_VARIABLE = YES;
				IPHONEOS_DEPLOYMENT_TARGET = 15.2;
				MTL_ENABLE_DEBUG_INFO = NO;
				MTL_FAST_MATH = YES;
				SDKROOT = iphoneos;
				SWIFT_COMPILATION_MODE = wholemodule;
				SWIFT_OPTIMIZATION_LEVEL = "-O";
				VALIDATE_PRODUCT = YES;
			};
			name = Release;
		};
		8A0AE31D289A0C3F0028BADF /* Debug */ = {
			isa = XCBuildConfiguration;
			buildSettings = {
				ASSETCATALOG_COMPILER_APPICON_NAME = AppIcon;
				ASSETCATALOG_COMPILER_GLOBAL_ACCENT_COLOR_NAME = AccentColor;
				CODE_SIGN_STYLE = Automatic;
				CURRENT_PROJECT_VERSION = 1;
				DEVELOPMENT_TEAM = TT8TA55RWH;
				GENERATE_INFOPLIST_FILE = YES;
				INFOPLIST_FILE = test2/Info.plist;
				INFOPLIST_KEY_UIApplicationSupportsIndirectInputEvents = YES;
				INFOPLIST_KEY_UILaunchStoryboardName = LaunchScreen;
				INFOPLIST_KEY_UIMainStoryboardFile = Main;
				INFOPLIST_KEY_UISupportedInterfaceOrientations_iPad = "UIInterfaceOrientationPortrait UIInterfaceOrientationPortraitUpsideDown UIInterfaceOrientationLandscapeLeft UIInterfaceOrientationLandscapeRight";
				INFOPLIST_KEY_UISupportedInterfaceOrientations_iPhone = "UIInterfaceOrientationPortrait UIInterfaceOrientationLandscapeLeft UIInterfaceOrientationLandscapeRight";
				LD_RUNPATH_SEARCH_PATHS = (
					"$(inherited)",
					"@executable_path/Frameworks",
				);
				MARKETING_VERSION = 1.0;
				PRODUCT_BUNDLE_IDENTIFIER = com.projectxmaker.100dos.test2;
				PRODUCT_NAME = "$(TARGET_NAME)";
				SWIFT_EMIT_LOC_STRINGS = YES;
				SWIFT_VERSION = 5.0;
				TARGETED_DEVICE_FAMILY = "1,2";
			};
			name = Debug;
		};
		8A0AE31E289A0C3F0028BADF /* Release */ = {
			isa = XCBuildConfiguration;
			buildSettings = {
				ASSETCATALOG_COMPILER_APPICON_NAME = AppIcon;
				ASSETCATALOG_COMPILER_GLOBAL_ACCENT_COLOR_NAME = AccentColor;
				CODE_SIGN_STYLE = Automatic;
				CURRENT_PROJECT_VERSION = 1;
				DEVELOPMENT_TEAM = TT8TA55RWH;
				GENERATE_INFOPLIST_FILE = YES;
				INFOPLIST_FILE = test2/Info.plist;
				INFOPLIST_KEY_UIApplicationSupportsIndirectInputEvents = YES;
				INFOPLIST_KEY_UILaunchStoryboardName = LaunchScreen;
				INFOPLIST_KEY_UIMainStoryboardFile = Main;
				INFOPLIST_KEY_UISupportedInterfaceOrientations_iPad = "UIInterfaceOrientationPortrait UIInterfaceOrientationPortraitUpsideDown UIInterfaceOrientationLandscapeLeft UIInterfaceOrientationLandscapeRight";
				INFOPLIST_KEY_UISupportedInterfaceOrientations_iPhone = "UIInterfaceOrientationPortrait UIInterfaceOrientationLandscapeLeft UIInterfaceOrientationLandscapeRight";
				LD_RUNPATH_SEARCH_PATHS = (
					"$(inherited)",
					"@executable_path/Frameworks",
				);
				MARKETING_VERSION = 1.0;
				PRODUCT_BUNDLE_IDENTIFIER = com.projectxmaker.100dos.test2;
				PRODUCT_NAME = "$(TARGET_NAME)";
				SWIFT_EMIT_LOC_STRINGS = YES;
				SWIFT_VERSION = 5.0;
				TARGETED_DEVICE_FAMILY = "1,2";
			};
			name = Release;
		};
		8A0AE320289A0C3F0028BADF /* Debug */ = {
			isa = XCBuildConfiguration;
			buildSettings = {
				ALWAYS_EMBED_SWIFT_STANDARD_LIBRARIES = YES;
				BUNDLE_LOADER = "$(TEST_HOST)";
				CODE_SIGN_STYLE = Automatic;
				CURRENT_PROJECT_VERSION = 1;
				DEVELOPMENT_TEAM = TT8TA55RWH;
				GENERATE_INFOPLIST_FILE = YES;
				IPHONEOS_DEPLOYMENT_TARGET = 15.2;
				MARKETING_VERSION = 1.0;
				PRODUCT_BUNDLE_IDENTIFIER = com.projectxmaker.100dos.test2Tests;
				PRODUCT_NAME = "$(TARGET_NAME)";
				SWIFT_EMIT_LOC_STRINGS = NO;
				SWIFT_VERSION = 5.0;
				TARGETED_DEVICE_FAMILY = "1,2";
				TEST_HOST = "$(BUILT_PRODUCTS_DIR)/test2.app/test2";
			};
			name = Debug;
		};
		8A0AE321289A0C3F0028BADF /* Release */ = {
			isa = XCBuildConfiguration;
			buildSettings = {
				ALWAYS_EMBED_SWIFT_STANDARD_LIBRARIES = YES;
				BUNDLE_LOADER = "$(TEST_HOST)";
				CODE_SIGN_STYLE = Automatic;
				CURRENT_PROJECT_VERSION = 1;
				DEVELOPMENT_TEAM = TT8TA55RWH;
				GENERATE_INFOPLIST_FILE = YES;
				IPHONEOS_DEPLOYMENT_TARGET = 15.2;
				MARKETING_VERSION = 1.0;
				PRODUCT_BUNDLE_IDENTIFIER = com.projectxmaker.100dos.test2Tests;
				PRODUCT_NAME = "$(TARGET_NAME)";
				SWIFT_EMIT_LOC_STRINGS = NO;
				SWIFT_VERSION = 5.0;
				TARGETED_DEVICE_FAMILY = "1,2";
				TEST_HOST = "$(BUILT_PRODUCTS_DIR)/test2.app/test2";
			};
			name = Release;
		};
		8A0AE323289A0C3F0028BADF /* Debug */ = {
			isa = XCBuildConfiguration;
			buildSettings = {
				ALWAYS_EMBED_SWIFT_STANDARD_LIBRARIES = YES;
				CODE_SIGN_STYLE = Automatic;
				CURRENT_PROJECT_VERSION = 1;
				DEVELOPMENT_TEAM = TT8TA55RWH;
				GENERATE_INFOPLIST_FILE = YES;
				MARKETING_VERSION = 1.0;
				PRODUCT_BUNDLE_IDENTIFIER = com.projectxmaker.100dos.test2UITests;
				PRODUCT_NAME = "$(TARGET_NAME)";
				SWIFT_EMIT_LOC_STRINGS = NO;
				SWIFT_VERSION = 5.0;
				TARGETED_DEVICE_FAMILY = "1,2";
				TEST_TARGET_NAME = test2;
			};
			name = Debug;
		};
		8A0AE324289A0C3F0028BADF /* Release */ = {
			isa = XCBuildConfiguration;
			buildSettings = {
				ALWAYS_EMBED_SWIFT_STANDARD_LIBRARIES = YES;
				CODE_SIGN_STYLE = Automatic;
				CURRENT_PROJECT_VERSION = 1;
				DEVELOPMENT_TEAM = TT8TA55RWH;
				GENERATE_INFOPLIST_FILE = YES;
				MARKETING_VERSION = 1.0;
				PRODUCT_BUNDLE_IDENTIFIER = com.projectxmaker.100dos.test2UITests;
				PRODUCT_NAME = "$(TARGET_NAME)";
				SWIFT_EMIT_LOC_STRINGS = NO;
				SWIFT_VERSION = 5.0;
				TARGETED_DEVICE_FAMILY = "1,2";
				TEST_TARGET_NAME = test2;
			};
			name = Release;
		};
/* End XCBuildConfiguration section */

/* Begin XCConfigurationList section */
		8A0AE2ED289A0C3D0028BADF /* Build configuration list for PBXProject "test2" */ = {
			isa = XCConfigurationList;
			buildConfigurations = (
				8A0AE31A289A0C3F0028BADF /* Debug */,
				8A0AE31B289A0C3F0028BADF /* Release */,
			);
			defaultConfigurationIsVisible = 0;
			defaultConfigurationName = Release;
		};
		8A0AE31C289A0C3F0028BADF /* Build configuration list for PBXNativeTarget "test2" */ = {
			isa = XCConfigurationList;
			buildConfigurations = (
				8A0AE31D289A0C3F0028BADF /* Debug */,
				8A0AE31E289A0C3F0028BADF /* Release */,
			);
			defaultConfigurationIsVisible = 0;
			defaultConfigurationName = Release;
		};
		8A0AE31F289A0C3F0028BADF /* Build configuration list for PBXNativeTarget "test2Tests" */ = {
			isa = XCConfigurationList;
			buildConfigurations = (
				8A0AE320289A0C3F0028BADF /* Debug */,
				8A0AE321289A0C3F0028BADF /* Release */,
			);
			defaultConfigurationIsVisible = 0;
			defaultConfigurationName = Release;
		};
		8A0AE322289A0C3F0028BADF /* Build configuration list for PBXNativeTarget "test2UITests" */ = {
			isa = XCConfigurationList;
			buildConfigurations = (
				8A0AE323289A0C3F0028BADF /* Debug */,
				8A0AE324289A0C3F0028BADF /* Release */,
			);
			defaultConfigurationIsVisible = 0;
			defaultConfigurationName = Release;
		};
/* End XCConfigurationList section */
	};
	rootObject = 8A0AE2EA289A0C3D0028BADF /* Project object */;
}
