// !$*UTF8*$!
{
	archiveVersion = 1;
	classes = {
	};
	objectVersion = 55;
	objects = {

/* Begin PBXBuildFile section */
		8A18BCBB28AE3426005D1B55 /* AppDelegate.swift in Sources */ = {isa = PBXBuildFile; fileRef = 8A18BCBA28AE3426005D1B55 /* AppDelegate.swift */; };
		8A18BCBD28AE3426005D1B55 /* GameScene.sks in Resources */ = {isa = PBXBuildFile; fileRef = 8A18BCBC28AE3426005D1B55 /* GameScene.sks */; };
		8A18BCC128AE3426005D1B55 /* GameScene.swift in Sources */ = {isa = PBXBuildFile; fileRef = 8A18BCC028AE3426005D1B55 /* GameScene.swift */; };
		8A18BCC328AE3426005D1B55 /* GameViewController.swift in Sources */ = {isa = PBXBuildFile; fileRef = 8A18BCC228AE3426005D1B55 /* GameViewController.swift */; };
		8A18BCC628AE3426005D1B55 /* Main.storyboard in Resources */ = {isa = PBXBuildFile; fileRef = 8A18BCC428AE3426005D1B55 /* Main.storyboard */; };
		8A18BCC828AE3427005D1B55 /* Assets.xcassets in Resources */ = {isa = PBXBuildFile; fileRef = 8A18BCC728AE3427005D1B55 /* Assets.xcassets */; };
		8A18BCCB28AE3427005D1B55 /* LaunchScreen.storyboard in Resources */ = {isa = PBXBuildFile; fileRef = 8A18BCC928AE3427005D1B55 /* LaunchScreen.storyboard */; };
		8A18BCD428AF8951005D1B55 /* spark.sks in Resources */ = {isa = PBXBuildFile; fileRef = 8A18BCD328AF8951005D1B55 /* spark.sks */; };
/* End PBXBuildFile section */

/* Begin PBXFileReference section */
		8A18BCB728AE3426005D1B55 /* MilestoneP16To18.app */ = {isa = PBXFileReference; explicitFileType = wrapper.application; includeInIndex = 0; path = MilestoneP16To18.app; sourceTree = BUILT_PRODUCTS_DIR; };
		8A18BCBA28AE3426005D1B55 /* AppDelegate.swift */ = {isa = PBXFileReference; lastKnownFileType = sourcecode.swift; path = AppDelegate.swift; sourceTree = "<group>"; };
		8A18BCBC28AE3426005D1B55 /* GameScene.sks */ = {isa = PBXFileReference; lastKnownFileType = file.sks; path = GameScene.sks; sourceTree = "<group>"; };
		8A18BCC028AE3426005D1B55 /* GameScene.swift */ = {isa = PBXFileReference; lastKnownFileType = sourcecode.swift; path = GameScene.swift; sourceTree = "<group>"; };
		8A18BCC228AE3426005D1B55 /* GameViewController.swift */ = {isa = PBXFileReference; lastKnownFileType = sourcecode.swift; path = GameViewController.swift; sourceTree = "<group>"; };
		8A18BCC528AE3426005D1B55 /* Base */ = {isa = PBXFileReference; lastKnownFileType = file.storyboard; name = Base; path = Base.lproj/Main.storyboard; sourceTree = "<group>"; };
		8A18BCC728AE3427005D1B55 /* Assets.xcassets */ = {isa = PBXFileReference; lastKnownFileType = folder.assetcatalog; path = Assets.xcassets; sourceTree = "<group>"; };
		8A18BCCA28AE3427005D1B55 /* Base */ = {isa = PBXFileReference; lastKnownFileType = file.storyboard; name = Base; path = Base.lproj/LaunchScreen.storyboard; sourceTree = "<group>"; };
		8A18BCD328AF8951005D1B55 /* spark.sks */ = {isa = PBXFileReference; lastKnownFileType = file.sks; path = spark.sks; sourceTree = "<group>"; };
/* End PBXFileReference section */

/* Begin PBXFrameworksBuildPhase section */
		8A18BCB428AE3426005D1B55 /* Frameworks */ = {
			isa = PBXFrameworksBuildPhase;
			buildActionMask = 2147483647;
			files = (
			);
			runOnlyForDeploymentPostprocessing = 0;
		};
/* End PBXFrameworksBuildPhase section */

/* Begin PBXGroup section */
		8A18BCAE28AE3426005D1B55 = {
			isa = PBXGroup;
			children = (
				8A18BCB928AE3426005D1B55 /* MilestoneP16To18 */,
				8A18BCB828AE3426005D1B55 /* Products */,
			);
			sourceTree = "<group>";
		};
		8A18BCB828AE3426005D1B55 /* Products */ = {
			isa = PBXGroup;
			children = (
				8A18BCB728AE3426005D1B55 /* MilestoneP16To18.app */,
			);
			name = Products;
			sourceTree = "<group>";
		};
		8A18BCB928AE3426005D1B55 /* MilestoneP16To18 */ = {
			isa = PBXGroup;
			children = (
				8A18BCBA28AE3426005D1B55 /* AppDelegate.swift */,
				8A18BCBC28AE3426005D1B55 /* GameScene.sks */,
				8A18BCC028AE3426005D1B55 /* GameScene.swift */,
				8A18BCD328AF8951005D1B55 /* spark.sks */,
				8A18BCC228AE3426005D1B55 /* GameViewController.swift */,
				8A18BCC428AE3426005D1B55 /* Main.storyboard */,
				8A18BCC728AE3427005D1B55 /* Assets.xcassets */,
				8A18BCC928AE3427005D1B55 /* LaunchScreen.storyboard */,
			);
			path = MilestoneP16To18;
			sourceTree = "<group>";
		};
/* End PBXGroup section */

/* Begin PBXNativeTarget section */
		8A18BCB628AE3426005D1B55 /* MilestoneP16To18 */ = {
			isa = PBXNativeTarget;
			buildConfigurationList = 8A18BCCE28AE3427005D1B55 /* Build configuration list for PBXNativeTarget "MilestoneP16To18" */;
			buildPhases = (
				8A18BCB328AE3426005D1B55 /* Sources */,
				8A18BCB428AE3426005D1B55 /* Frameworks */,
				8A18BCB528AE3426005D1B55 /* Resources */,
			);
			buildRules = (
			);
			dependencies = (
			);
			name = MilestoneP16To18;
			productName = MilestoneP16To18;
			productReference = 8A18BCB728AE3426005D1B55 /* MilestoneP16To18.app */;
			productType = "com.apple.product-type.application";
		};
/* End PBXNativeTarget section */

/* Begin PBXProject section */
		8A18BCAF28AE3426005D1B55 /* Project object */ = {
			isa = PBXProject;
			attributes = {
				BuildIndependentTargetsInParallel = 1;
				LastSwiftUpdateCheck = 1340;
				LastUpgradeCheck = 1340;
				TargetAttributes = {
					8A18BCB628AE3426005D1B55 = {
						CreatedOnToolsVersion = 13.4.1;
					};
				};
			};
			buildConfigurationList = 8A18BCB228AE3426005D1B55 /* Build configuration list for PBXProject "MilestoneP16To18" */;
			compatibilityVersion = "Xcode 13.0";
			developmentRegion = en;
			hasScannedForEncodings = 0;
			knownRegions = (
				en,
				Base,
			);
			mainGroup = 8A18BCAE28AE3426005D1B55;
			productRefGroup = 8A18BCB828AE3426005D1B55 /* Products */;
			projectDirPath = "";
			projectRoot = "";
			targets = (
				8A18BCB628AE3426005D1B55 /* MilestoneP16To18 */,
			);
		};
/* End PBXProject section */

/* Begin PBXResourcesBuildPhase section */
		8A18BCB528AE3426005D1B55 /* Resources */ = {
			isa = PBXResourcesBuildPhase;
			buildActionMask = 2147483647;
			files = (
				8A18BCC628AE3426005D1B55 /* Main.storyboard in Resources */,
				8A18BCD428AF8951005D1B55 /* spark.sks in Resources */,
				8A18BCBD28AE3426005D1B55 /* GameScene.sks in Resources */,
				8A18BCC828AE3427005D1B55 /* Assets.xcassets in Resources */,
				8A18BCCB28AE3427005D1B55 /* LaunchScreen.storyboard in Resources */,
			);
			runOnlyForDeploymentPostprocessing = 0;
		};
/* End PBXResourcesBuildPhase section */

/* Begin PBXSourcesBuildPhase section */
		8A18BCB328AE3426005D1B55 /* Sources */ = {
			isa = PBXSourcesBuildPhase;
			buildActionMask = 2147483647;
			files = (
				8A18BCC128AE3426005D1B55 /* GameScene.swift in Sources */,
				8A18BCC328AE3426005D1B55 /* GameViewController.swift in Sources */,
				8A18BCBB28AE3426005D1B55 /* AppDelegate.swift in Sources */,
			);
			runOnlyForDeploymentPostprocessing = 0;
		};
/* End PBXSourcesBuildPhase section */

/* Begin PBXVariantGroup section */
		8A18BCC428AE3426005D1B55 /* Main.storyboard */ = {
			isa = PBXVariantGroup;
			children = (
				8A18BCC528AE3426005D1B55 /* Base */,
			);
			name = Main.storyboard;
			sourceTree = "<group>";
		};
		8A18BCC928AE3427005D1B55 /* LaunchScreen.storyboard */ = {
			isa = PBXVariantGroup;
			children = (
				8A18BCCA28AE3427005D1B55 /* Base */,
			);
			name = LaunchScreen.storyboard;
			sourceTree = "<group>";
		};
/* End PBXVariantGroup section */

/* Begin XCBuildConfiguration section */
		8A18BCCC28AE3427005D1B55 /* Debug */ = {
			isa = XCBuildConfiguration;
			buildSettings = {
				ALWAYS_SEARCH_USER_PATHS = NO;
				CLANG_ANALYZER_NONNULL = YES;
				CLANG_ANALYZER_NUMBER_OBJECT_CONVERSION = YES_AGGRESSIVE;
				CLANG_CXX_LANGUAGE_STANDARD = "gnu++17";
				CLANG_ENABLE_MODULES = YES;
				CLANG_ENABLE_OBJC_ARC = YES;
				CLANG_ENABLE_OBJC_WEAK = YES;
				CLANG_WARN_BLOCK_CAPTURE_AUTORELEASING = YES;
				CLANG_WARN_BOOL_CONVERSION = YES;
				CLANG_WARN_COMMA = YES;
				CLANG_WARN_CONSTANT_CONVERSION = YES;
				CLANG_WARN_DEPRECATED_OBJC_IMPLEMENTATIONS = YES;
				CLANG_WARN_DIRECT_OBJC_ISA_USAGE = YES_ERROR;
				CLANG_WARN_DOCUMENTATION_COMMENTS = YES;
				CLANG_WARN_EMPTY_BODY = YES;
				CLANG_WARN_ENUM_CONVERSION = YES;
				CLANG_WARN_INFINITE_RECURSION = YES;
				CLANG_WARN_INT_CONVERSION = YES;
				CLANG_WARN_NON_LITERAL_NULL_CONVERSION = YES;
				CLANG_WARN_OBJC_IMPLICIT_RETAIN_SELF = YES;
				CLANG_WARN_OBJC_LITERAL_CONVERSION = YES;
				CLANG_WARN_OBJC_ROOT_CLASS = YES_ERROR;
				CLANG_WARN_QUOTED_INCLUDE_IN_FRAMEWORK_HEADER = YES;
				CLANG_WARN_RANGE_LOOP_ANALYSIS = YES;
				CLANG_WARN_STRICT_PROTOTYPES = YES;
				CLANG_WARN_SUSPICIOUS_MOVE = YES;
				CLANG_WARN_UNGUARDED_AVAILABILITY = YES_AGGRESSIVE;
				CLANG_WARN_UNREACHABLE_CODE = YES;
				CLANG_WARN__DUPLICATE_METHOD_MATCH = YES;
				COPY_PHASE_STRIP = NO;
				DEBUG_INFORMATION_FORMAT = dwarf;
				ENABLE_STRICT_OBJC_MSGSEND = YES;
				ENABLE_TESTABILITY = YES;
				GCC_C_LANGUAGE_STANDARD = gnu11;
				GCC_DYNAMIC_NO_PIC = NO;
				GCC_NO_COMMON_BLOCKS = YES;
				GCC_OPTIMIZATION_LEVEL = 0;
				GCC_PREPROCESSOR_DEFINITIONS = (
					"DEBUG=1",
					"$(inherited)",
				);
				GCC_WARN_64_TO_32_BIT_CONVERSION = YES;
				GCC_WARN_ABOUT_RETURN_TYPE = YES_ERROR;
				GCC_WARN_UNDECLARED_SELECTOR = YES;
				GCC_WARN_UNINITIALIZED_AUTOS = YES_AGGRESSIVE;
				GCC_WARN_UNUSED_FUNCTION = YES;
				GCC_WARN_UNUSED_VARIABLE = YES;
				IPHONEOS_DEPLOYMENT_TARGET = 15.5;
				MTL_ENABLE_DEBUG_INFO = INCLUDE_SOURCE;
				MTL_FAST_MATH = YES;
				ONLY_ACTIVE_ARCH = YES;
				SDKROOT = iphoneos;
				SWIFT_ACTIVE_COMPILATION_CONDITIONS = DEBUG;
				SWIFT_OPTIMIZATION_LEVEL = "-Onone";
			};
			name = Debug;
		};
		8A18BCCD28AE3427005D1B55 /* Release */ = {
			isa = XCBuildConfiguration;
			buildSettings = {
				ALWAYS_SEARCH_USER_PATHS = NO;
				CLANG_ANALYZER_NONNULL = YES;
				CLANG_ANALYZER_NUMBER_OBJECT_CONVERSION = YES_AGGRESSIVE;
				CLANG_CXX_LANGUAGE_STANDARD = "gnu++17";
				CLANG_ENABLE_MODULES = YES;
				CLANG_ENABLE_OBJC_ARC = YES;
				CLANG_ENABLE_OBJC_WEAK = YES;
				CLANG_WARN_BLOCK_CAPTURE_AUTORELEASING = YES;
				CLANG_WARN_BOOL_CONVERSION = YES;
				CLANG_WARN_COMMA = YES;
				CLANG_WARN_CONSTANT_CONVERSION = YES;
				CLANG_WARN_DEPRECATED_OBJC_IMPLEMENTATIONS = YES;
				CLANG_WARN_DIRECT_OBJC_ISA_USAGE = YES_ERROR;
				CLANG_WARN_DOCUMENTATION_COMMENTS = YES;
				CLANG_WARN_EMPTY_BODY = YES;
				CLANG_WARN_ENUM_CONVERSION = YES;
				CLANG_WARN_INFINITE_RECURSION = YES;
				CLANG_WARN_INT_CONVERSION = YES;
				CLANG_WARN_NON_LITERAL_NULL_CONVERSION = YES;
				CLANG_WARN_OBJC_IMPLICIT_RETAIN_SELF = YES;
				CLANG_WARN_OBJC_LITERAL_CONVERSION = YES;
				CLANG_WARN_OBJC_ROOT_CLASS = YES_ERROR;
				CLANG_WARN_QUOTED_INCLUDE_IN_FRAMEWORK_HEADER = YES;
				CLANG_WARN_RANGE_LOOP_ANALYSIS = YES;
				CLANG_WARN_STRICT_PROTOTYPES = YES;
				CLANG_WARN_SUSPICIOUS_MOVE = YES;
				CLANG_WARN_UNGUARDED_AVAILABILITY = YES_AGGRESSIVE;
				CLANG_WARN_UNREACHABLE_CODE = YES;
				CLANG_WARN__DUPLICATE_METHOD_MATCH = YES;
				COPY_PHASE_STRIP = NO;
				DEBUG_INFORMATION_FORMAT = "dwarf-with-dsym";
				ENABLE_NS_ASSERTIONS = NO;
				ENABLE_STRICT_OBJC_MSGSEND = YES;
				GCC_C_LANGUAGE_STANDARD = gnu11;
				GCC_NO_COMMON_BLOCKS = YES;
				GCC_WARN_64_TO_32_BIT_CONVERSION = YES;
				GCC_WARN_ABOUT_RETURN_TYPE = YES_ERROR;
				GCC_WARN_UNDECLARED_SELECTOR = YES;
				GCC_WARN_UNINITIALIZED_AUTOS = YES_AGGRESSIVE;
				GCC_WARN_UNUSED_FUNCTION = YES;
				GCC_WARN_UNUSED_VARIABLE = YES;
				IPHONEOS_DEPLOYMENT_TARGET = 15.5;
				MTL_ENABLE_DEBUG_INFO = NO;
				MTL_FAST_MATH = YES;
				SDKROOT = iphoneos;
				SWIFT_COMPILATION_MODE = wholemodule;
				SWIFT_OPTIMIZATION_LEVEL = "-O";
				VALIDATE_PRODUCT = YES;
			};
			name = Release;
		};
		8A18BCCF28AE3427005D1B55 /* Debug */ = {
			isa = XCBuildConfiguration;
			buildSettings = {
				ASSETCATALOG_COMPILER_APPICON_NAME = AppIcon;
				ASSETCATALOG_COMPILER_GLOBAL_ACCENT_COLOR_NAME = AccentColor;
				CODE_SIGN_STYLE = Automatic;
				CURRENT_PROJECT_VERSION = 1;
				DEVELOPMENT_TEAM = TT8TA55RWH;
				GENERATE_INFOPLIST_FILE = YES;
				INFOPLIST_KEY_UIApplicationSupportsIndirectInputEvents = YES;
				INFOPLIST_KEY_UILaunchStoryboardName = LaunchScreen;
				INFOPLIST_KEY_UIMainStoryboardFile = Main;
				INFOPLIST_KEY_UIRequiresFullScreen = YES;
				INFOPLIST_KEY_UIStatusBarHidden = YES;
				INFOPLIST_KEY_UISupportedInterfaceOrientations = "UIInterfaceOrientationLandscapeLeft UIInterfaceOrientationLandscapeRight";
				INFOPLIST_KEY_UISupportedInterfaceOrientations_iPad = "UIInterfaceOrientationLandscapeLeft UIInterfaceOrientationLandscapeRight";
				INFOPLIST_KEY_UISupportedInterfaceOrientations_iPhone = "UIInterfaceOrientationPortrait UIInterfaceOrientationLandscapeLeft UIInterfaceOrientationLandscapeRight";
				LD_RUNPATH_SEARCH_PATHS = (
					"$(inherited)",
					"@executable_path/Frameworks",
				);
				MARKETING_VERSION = 1.0;
				PRODUCT_BUNDLE_IDENTIFIER = com.projectxmaker.100dos.MilestoneP16To18;
				PRODUCT_NAME = "$(TARGET_NAME)";
				SWIFT_EMIT_LOC_STRINGS = YES;
				SWIFT_VERSION = 5.0;
				TARGETED_DEVICE_FAMILY = 2;
			};
			name = Debug;
		};
		8A18BCD028AE3427005D1B55 /* Release */ = {
			isa = XCBuildConfiguration;
			buildSettings = {
				ASSETCATALOG_COMPILER_APPICON_NAME = AppIcon;
				ASSETCATALOG_COMPILER_GLOBAL_ACCENT_COLOR_NAME = AccentColor;
				CODE_SIGN_STYLE = Automatic;
				CURRENT_PROJECT_VERSION = 1;
				DEVELOPMENT_TEAM = TT8TA55RWH;
				GENERATE_INFOPLIST_FILE = YES;
				INFOPLIST_KEY_UIApplicationSupportsIndirectInputEvents = YES;
				INFOPLIST_KEY_UILaunchStoryboardName = LaunchScreen;
				INFOPLIST_KEY_UIMainStoryboardFile = Main;
				INFOPLIST_KEY_UIRequiresFullScreen = YES;
				INFOPLIST_KEY_UIStatusBarHidden = YES;
				INFOPLIST_KEY_UISupportedInterfaceOrientations = "UIInterfaceOrientationLandscapeLeft UIInterfaceOrientationLandscapeRight";
				INFOPLIST_KEY_UISupportedInterfaceOrientations_iPad = "UIInterfaceOrientationLandscapeLeft UIInterfaceOrientationLandscapeRight";
				INFOPLIST_KEY_UISupportedInterfaceOrientations_iPhone = "UIInterfaceOrientationPortrait UIInterfaceOrientationLandscapeLeft UIInterfaceOrientationLandscapeRight";
				LD_RUNPATH_SEARCH_PATHS = (
					"$(inherited)",
					"@executable_path/Frameworks",
				);
				MARKETING_VERSION = 1.0;
				PRODUCT_BUNDLE_IDENTIFIER = com.projectxmaker.100dos.MilestoneP16To18;
				PRODUCT_NAME = "$(TARGET_NAME)";
				SWIFT_EMIT_LOC_STRINGS = YES;
				SWIFT_VERSION = 5.0;
				TARGETED_DEVICE_FAMILY = 2;
			};
			name = Release;
		};
/* End XCBuildConfiguration section */

/* Begin XCConfigurationList section */
		8A18BCB228AE3426005D1B55 /* Build configuration list for PBXProject "MilestoneP16To18" */ = {
			isa = XCConfigurationList;
			buildConfigurations = (
				8A18BCCC28AE3427005D1B55 /* Debug */,
				8A18BCCD28AE3427005D1B55 /* Release */,
			);
			defaultConfigurationIsVisible = 0;
			defaultConfigurationName = Release;
		};
		8A18BCCE28AE3427005D1B55 /* Build configuration list for PBXNativeTarget "MilestoneP16To18" */ = {
			isa = XCConfigurationList;
			buildConfigurations = (
				8A18BCCF28AE3427005D1B55 /* Debug */,
				8A18BCD028AE3427005D1B55 /* Release */,
			);
			defaultConfigurationIsVisible = 0;
			defaultConfigurationName = Release;
		};
/* End XCConfigurationList section */
	};
	rootObject = 8A18BCAF28AE3426005D1B55 /* Project object */;
}
