// !$*UTF8*$!
{
	archiveVersion = 1;
	classes = {
	};
	objectVersion = 55;
	objects = {

/* Begin PBXBuildFile section */
		8AE31E6028A7928400EB17EA /* AppDelegate.swift in Sources */ = {isa = PBXBuildFile; fileRef = 8AE31E5F28A7928400EB17EA /* AppDelegate.swift */; };
		8AE31E6228A7928400EB17EA /* GameScene.sks in Resources */ = {isa = PBXBuildFile; fileRef = 8AE31E6128A7928400EB17EA /* GameScene.sks */; };
		8AE31E6628A7928400EB17EA /* GameScene.swift in Sources */ = {isa = PBXBuildFile; fileRef = 8AE31E6528A7928400EB17EA /* GameScene.swift */; };
		8AE31E6828A7928400EB17EA /* GameViewController.swift in Sources */ = {isa = PBXBuildFile; fileRef = 8AE31E6728A7928400EB17EA /* GameViewController.swift */; };
		8AE31E6B28A7928400EB17EA /* Main.storyboard in Resources */ = {isa = PBXBuildFile; fileRef = 8AE31E6928A7928400EB17EA /* Main.storyboard */; };
		8AE31E6D28A7928500EB17EA /* Assets.xcassets in Resources */ = {isa = PBXBuildFile; fileRef = 8AE31E6C28A7928500EB17EA /* Assets.xcassets */; };
		8AE31E7028A7928500EB17EA /* LaunchScreen.storyboard in Resources */ = {isa = PBXBuildFile; fileRef = 8AE31E6E28A7928500EB17EA /* LaunchScreen.storyboard */; };
		8AE31E7728A79E6600EB17EA /* WhackSlot.swift in Sources */ = {isa = PBXBuildFile; fileRef = 8AE31E7628A79E6600EB17EA /* WhackSlot.swift */; };
		8AE31E7C28A8026000EB17EA /* whack.caf in Resources */ = {isa = PBXBuildFile; fileRef = 8AE31E7A28A8026000EB17EA /* whack.caf */; };
		8AE31E7D28A8026000EB17EA /* whackBad.caf in Resources */ = {isa = PBXBuildFile; fileRef = 8AE31E7B28A8026000EB17EA /* whackBad.caf */; };
		8AE31E8328A88CEE00EB17EA /* gameOverSound.aifc in Resources */ = {isa = PBXBuildFile; fileRef = 8AE31E8228A88CEE00EB17EA /* gameOverSound.aifc */; };
		8AE31E8528A890AF00EB17EA /* smoke.sks in Resources */ = {isa = PBXBuildFile; fileRef = 8AE31E8428A890AF00EB17EA /* smoke.sks */; };
		8AE31E8928A8962600EB17EA /* spark.sks in Resources */ = {isa = PBXBuildFile; fileRef = 8AE31E8828A8962600EB17EA /* spark.sks */; };
		8AE31E9328A89CC500EB17EA /* mud.sks in Resources */ = {isa = PBXBuildFile; fileRef = 8AE31E9228A89CC500EB17EA /* mud.sks */; };
/* End PBXBuildFile section */

/* Begin PBXFileReference section */
		8AE31E5C28A7928400EB17EA /* Project14.app */ = {isa = PBXFileReference; explicitFileType = wrapper.application; includeInIndex = 0; path = Project14.app; sourceTree = BUILT_PRODUCTS_DIR; };
		8AE31E5F28A7928400EB17EA /* AppDelegate.swift */ = {isa = PBXFileReference; lastKnownFileType = sourcecode.swift; path = AppDelegate.swift; sourceTree = "<group>"; };
		8AE31E6128A7928400EB17EA /* GameScene.sks */ = {isa = PBXFileReference; lastKnownFileType = file.sks; path = GameScene.sks; sourceTree = "<group>"; };
		8AE31E6528A7928400EB17EA /* GameScene.swift */ = {isa = PBXFileReference; lastKnownFileType = sourcecode.swift; path = GameScene.swift; sourceTree = "<group>"; };
		8AE31E6728A7928400EB17EA /* GameViewController.swift */ = {isa = PBXFileReference; lastKnownFileType = sourcecode.swift; path = GameViewController.swift; sourceTree = "<group>"; };
		8AE31E6A28A7928400EB17EA /* Base */ = {isa = PBXFileReference; lastKnownFileType = file.storyboard; name = Base; path = Base.lproj/Main.storyboard; sourceTree = "<group>"; };
		8AE31E6C28A7928500EB17EA /* Assets.xcassets */ = {isa = PBXFileReference; lastKnownFileType = folder.assetcatalog; path = Assets.xcassets; sourceTree = "<group>"; };
		8AE31E6F28A7928500EB17EA /* Base */ = {isa = PBXFileReference; lastKnownFileType = file.storyboard; name = Base; path = Base.lproj/LaunchScreen.storyboard; sourceTree = "<group>"; };
		8AE31E7628A79E6600EB17EA /* WhackSlot.swift */ = {isa = PBXFileReference; lastKnownFileType = sourcecode.swift; path = WhackSlot.swift; sourceTree = "<group>"; };
		8AE31E7A28A8026000EB17EA /* whack.caf */ = {isa = PBXFileReference; lastKnownFileType = file; path = whack.caf; sourceTree = "<group>"; };
		8AE31E7B28A8026000EB17EA /* whackBad.caf */ = {isa = PBXFileReference; lastKnownFileType = file; path = whackBad.caf; sourceTree = "<group>"; };
		8AE31E8228A88CEE00EB17EA /* gameOverSound.aifc */ = {isa = PBXFileReference; lastKnownFileType = file; path = gameOverSound.aifc; sourceTree = "<group>"; };
		8AE31E8428A890AF00EB17EA /* smoke.sks */ = {isa = PBXFileReference; lastKnownFileType = file.sks; path = smoke.sks; sourceTree = "<group>"; };
		8AE31E8828A8962600EB17EA /* spark.sks */ = {isa = PBXFileReference; lastKnownFileType = file.sks; path = spark.sks; sourceTree = "<group>"; };
		8AE31E9228A89CC500EB17EA /* mud.sks */ = {isa = PBXFileReference; lastKnownFileType = file.sks; path = mud.sks; sourceTree = "<group>"; };
/* End PBXFileReference section */

/* Begin PBXFrameworksBuildPhase section */
		8AE31E5928A7928400EB17EA /* Frameworks */ = {
			isa = PBXFrameworksBuildPhase;
			buildActionMask = 2147483647;
			files = (
			);
			runOnlyForDeploymentPostprocessing = 0;
		};
/* End PBXFrameworksBuildPhase section */

/* Begin PBXGroup section */
		8AE31E5328A7928400EB17EA = {
			isa = PBXGroup;
			children = (
				8AE31E5E28A7928400EB17EA /* Project14 */,
				8AE31E5D28A7928400EB17EA /* Products */,
			);
			sourceTree = "<group>";
		};
		8AE31E5D28A7928400EB17EA /* Products */ = {
			isa = PBXGroup;
			children = (
				8AE31E5C28A7928400EB17EA /* Project14.app */,
			);
			name = Products;
			sourceTree = "<group>";
		};
		8AE31E5E28A7928400EB17EA /* Project14 */ = {
			isa = PBXGroup;
			children = (
				8AE31E5F28A7928400EB17EA /* AppDelegate.swift */,
				8AE31E6128A7928400EB17EA /* GameScene.sks */,
				8AE31E8428A890AF00EB17EA /* smoke.sks */,
				8AE31E6528A7928400EB17EA /* GameScene.swift */,
				8AE31E7628A79E6600EB17EA /* WhackSlot.swift */,
				8AE31E6728A7928400EB17EA /* GameViewController.swift */,
				8AE31E6928A7928400EB17EA /* Main.storyboard */,
				8AE31E6C28A7928500EB17EA /* Assets.xcassets */,
				8AE31E8828A8962600EB17EA /* spark.sks */,
				8AE31E6E28A7928500EB17EA /* LaunchScreen.storyboard */,
				8AE31E9228A89CC500EB17EA /* mud.sks */,
				8AE31E7A28A8026000EB17EA /* whack.caf */,
				8AE31E7B28A8026000EB17EA /* whackBad.caf */,
				8AE31E8228A88CEE00EB17EA /* gameOverSound.aifc */,
			);
			path = Project14;
			sourceTree = "<group>";
		};
/* End PBXGroup section */

/* Begin PBXNativeTarget section */
		8AE31E5B28A7928400EB17EA /* Project14 */ = {
			isa = PBXNativeTarget;
			buildConfigurationList = 8AE31E7328A7928500EB17EA /* Build configuration list for PBXNativeTarget "Project14" */;
			buildPhases = (
				8AE31E5828A7928400EB17EA /* Sources */,
				8AE31E5928A7928400EB17EA /* Frameworks */,
				8AE31E5A28A7928400EB17EA /* Resources */,
			);
			buildRules = (
			);
			dependencies = (
			);
			name = Project14;
			productName = Project14;
			productReference = 8AE31E5C28A7928400EB17EA /* Project14.app */;
			productType = "com.apple.product-type.application";
		};
/* End PBXNativeTarget section */

/* Begin PBXProject section */
		8AE31E5428A7928400EB17EA /* Project object */ = {
			isa = PBXProject;
			attributes = {
				BuildIndependentTargetsInParallel = 1;
				LastSwiftUpdateCheck = 1340;
				LastUpgradeCheck = 1340;
				TargetAttributes = {
					8AE31E5B28A7928400EB17EA = {
						CreatedOnToolsVersion = 13.4.1;
					};
				};
			};
			buildConfigurationList = 8AE31E5728A7928400EB17EA /* Build configuration list for PBXProject "Project14" */;
			compatibilityVersion = "Xcode 13.0";
			developmentRegion = en;
			hasScannedForEncodings = 0;
			knownRegions = (
				en,
				Base,
			);
			mainGroup = 8AE31E5328A7928400EB17EA;
			productRefGroup = 8AE31E5D28A7928400EB17EA /* Products */;
			projectDirPath = "";
			projectRoot = "";
			targets = (
				8AE31E5B28A7928400EB17EA /* Project14 */,
			);
		};
/* End PBXProject section */

/* Begin PBXResourcesBuildPhase section */
		8AE31E5A28A7928400EB17EA /* Resources */ = {
			isa = PBXResourcesBuildPhase;
			buildActionMask = 2147483647;
			files = (
				8AE31E6B28A7928400EB17EA /* Main.storyboard in Resources */,
				8AE31E8928A8962600EB17EA /* spark.sks in Resources */,
				8AE31E7C28A8026000EB17EA /* whack.caf in Resources */,
				8AE31E6228A7928400EB17EA /* GameScene.sks in Resources */,
				8AE31E6D28A7928500EB17EA /* Assets.xcassets in Resources */,
				8AE31E7028A7928500EB17EA /* LaunchScreen.storyboard in Resources */,
				8AE31E7D28A8026000EB17EA /* whackBad.caf in Resources */,
				8AE31E8328A88CEE00EB17EA /* gameOverSound.aifc in Resources */,
				8AE31E8528A890AF00EB17EA /* smoke.sks in Resources */,
				8AE31E9328A89CC500EB17EA /* mud.sks in Resources */,
			);
			runOnlyForDeploymentPostprocessing = 0;
		};
/* End PBXResourcesBuildPhase section */

/* Begin PBXSourcesBuildPhase section */
		8AE31E5828A7928400EB17EA /* Sources */ = {
			isa = PBXSourcesBuildPhase;
			buildActionMask = 2147483647;
			files = (
				8AE31E6628A7928400EB17EA /* GameScene.swift in Sources */,
				8AE31E6828A7928400EB17EA /* GameViewController.swift in Sources */,
				8AE31E7728A79E6600EB17EA /* WhackSlot.swift in Sources */,
				8AE31E6028A7928400EB17EA /* AppDelegate.swift in Sources */,
			);
			runOnlyForDeploymentPostprocessing = 0;
		};
/* End PBXSourcesBuildPhase section */

/* Begin PBXVariantGroup section */
		8AE31E6928A7928400EB17EA /* Main.storyboard */ = {
			isa = PBXVariantGroup;
			children = (
				8AE31E6A28A7928400EB17EA /* Base */,
			);
			name = Main.storyboard;
			sourceTree = "<group>";
		};
		8AE31E6E28A7928500EB17EA /* LaunchScreen.storyboard */ = {
			isa = PBXVariantGroup;
			children = (
				8AE31E6F28A7928500EB17EA /* Base */,
			);
			name = LaunchScreen.storyboard;
			sourceTree = "<group>";
		};
/* End PBXVariantGroup section */

/* Begin XCBuildConfiguration section */
		8AE31E7128A7928500EB17EA /* Debug */ = {
			isa = XCBuildConfiguration;
			buildSettings = {
				ALWAYS_SEARCH_USER_PATHS = NO;
				CLANG_ANALYZER_NONNULL = YES;
				CLANG_ANALYZER_NUMBER_OBJECT_CONVERSION = YES_AGGRESSIVE;
				CLANG_CXX_LANGUAGE_STANDARD = "gnu++17";
				CLANG_ENABLE_MODULES = YES;
				CLANG_ENABLE_OBJC_ARC = YES;
				CLANG_ENABLE_OBJC_WEAK = YES;
				CLANG_WARN_BLOCK_CAPTURE_AUTORELEASING = YES;
				CLANG_WARN_BOOL_CONVERSION = YES;
				CLANG_WARN_COMMA = YES;
				CLANG_WARN_CONSTANT_CONVERSION = YES;
				CLANG_WARN_DEPRECATED_OBJC_IMPLEMENTATIONS = YES;
				CLANG_WARN_DIRECT_OBJC_ISA_USAGE = YES_ERROR;
				CLANG_WARN_DOCUMENTATION_COMMENTS = YES;
				CLANG_WARN_EMPTY_BODY = YES;
				CLANG_WARN_ENUM_CONVERSION = YES;
				CLANG_WARN_INFINITE_RECURSION = YES;
				CLANG_WARN_INT_CONVERSION = YES;
				CLANG_WARN_NON_LITERAL_NULL_CONVERSION = YES;
				CLANG_WARN_OBJC_IMPLICIT_RETAIN_SELF = YES;
				CLANG_WARN_OBJC_LITERAL_CONVERSION = YES;
				CLANG_WARN_OBJC_ROOT_CLASS = YES_ERROR;
				CLANG_WARN_QUOTED_INCLUDE_IN_FRAMEWORK_HEADER = YES;
				CLANG_WARN_RANGE_LOOP_ANALYSIS = YES;
				CLANG_WARN_STRICT_PROTOTYPES = YES;
				CLANG_WARN_SUSPICIOUS_MOVE = YES;
				CLANG_WARN_UNGUARDED_AVAILABILITY = YES_AGGRESSIVE;
				CLANG_WARN_UNREACHABLE_CODE = YES;
				CLANG_WARN__DUPLICATE_METHOD_MATCH = YES;
				COPY_PHASE_STRIP = NO;
				DEBUG_INFORMATION_FORMAT = dwarf;
				ENABLE_STRICT_OBJC_MSGSEND = YES;
				ENABLE_TESTABILITY = YES;
				GCC_C_LANGUAGE_STANDARD = gnu11;
				GCC_DYNAMIC_NO_PIC = NO;
				GCC_NO_COMMON_BLOCKS = YES;
				GCC_OPTIMIZATION_LEVEL = 0;
				GCC_PREPROCESSOR_DEFINITIONS = (
					"DEBUG=1",
					"$(inherited)",
				);
				GCC_WARN_64_TO_32_BIT_CONVERSION = YES;
				GCC_WARN_ABOUT_RETURN_TYPE = YES_ERROR;
				GCC_WARN_UNDECLARED_SELECTOR = YES;
				GCC_WARN_UNINITIALIZED_AUTOS = YES_AGGRESSIVE;
				GCC_WARN_UNUSED_FUNCTION = YES;
				GCC_WARN_UNUSED_VARIABLE = YES;
				IPHONEOS_DEPLOYMENT_TARGET = 15.5;
				MTL_ENABLE_DEBUG_INFO = INCLUDE_SOURCE;
				MTL_FAST_MATH = YES;
				ONLY_ACTIVE_ARCH = YES;
				SDKROOT = iphoneos;
				SWIFT_ACTIVE_COMPILATION_CONDITIONS = DEBUG;
				SWIFT_OPTIMIZATION_LEVEL = "-Onone";
			};
			name = Debug;
		};
		8AE31E7228A7928500EB17EA /* Release */ = {
			isa = XCBuildConfiguration;
			buildSettings = {
				ALWAYS_SEARCH_USER_PATHS = NO;
				CLANG_ANALYZER_NONNULL = YES;
				CLANG_ANALYZER_NUMBER_OBJECT_CONVERSION = YES_AGGRESSIVE;
				CLANG_CXX_LANGUAGE_STANDARD = "gnu++17";
				CLANG_ENABLE_MODULES = YES;
				CLANG_ENABLE_OBJC_ARC = YES;
				CLANG_ENABLE_OBJC_WEAK = YES;
				CLANG_WARN_BLOCK_CAPTURE_AUTORELEASING = YES;
				CLANG_WARN_BOOL_CONVERSION = YES;
				CLANG_WARN_COMMA = YES;
				CLANG_WARN_CONSTANT_CONVERSION = YES;
				CLANG_WARN_DEPRECATED_OBJC_IMPLEMENTATIONS = YES;
				CLANG_WARN_DIRECT_OBJC_ISA_USAGE = YES_ERROR;
				CLANG_WARN_DOCUMENTATION_COMMENTS = YES;
				CLANG_WARN_EMPTY_BODY = YES;
				CLANG_WARN_ENUM_CONVERSION = YES;
				CLANG_WARN_INFINITE_RECURSION = YES;
				CLANG_WARN_INT_CONVERSION = YES;
				CLANG_WARN_NON_LITERAL_NULL_CONVERSION = YES;
				CLANG_WARN_OBJC_IMPLICIT_RETAIN_SELF = YES;
				CLANG_WARN_OBJC_LITERAL_CONVERSION = YES;
				CLANG_WARN_OBJC_ROOT_CLASS = YES_ERROR;
				CLANG_WARN_QUOTED_INCLUDE_IN_FRAMEWORK_HEADER = YES;
				CLANG_WARN_RANGE_LOOP_ANALYSIS = YES;
				CLANG_WARN_STRICT_PROTOTYPES = YES;
				CLANG_WARN_SUSPICIOUS_MOVE = YES;
				CLANG_WARN_UNGUARDED_AVAILABILITY = YES_AGGRESSIVE;
				CLANG_WARN_UNREACHABLE_CODE = YES;
				CLANG_WARN__DUPLICATE_METHOD_MATCH = YES;
				COPY_PHASE_STRIP = NO;
				DEBUG_INFORMATION_FORMAT = "dwarf-with-dsym";
				ENABLE_NS_ASSERTIONS = NO;
				ENABLE_STRICT_OBJC_MSGSEND = YES;
				GCC_C_LANGUAGE_STANDARD = gnu11;
				GCC_NO_COMMON_BLOCKS = YES;
				GCC_WARN_64_TO_32_BIT_CONVERSION = YES;
				GCC_WARN_ABOUT_RETURN_TYPE = YES_ERROR;
				GCC_WARN_UNDECLARED_SELECTOR = YES;
				GCC_WARN_UNINITIALIZED_AUTOS = YES_AGGRESSIVE;
				GCC_WARN_UNUSED_FUNCTION = YES;
				GCC_WARN_UNUSED_VARIABLE = YES;
				IPHONEOS_DEPLOYMENT_TARGET = 15.5;
				MTL_ENABLE_DEBUG_INFO = NO;
				MTL_FAST_MATH = YES;
				SDKROOT = iphoneos;
				SWIFT_COMPILATION_MODE = wholemodule;
				SWIFT_OPTIMIZATION_LEVEL = "-O";
				VALIDATE_PRODUCT = YES;
			};
			name = Release;
		};
		8AE31E7428A7928500EB17EA /* Debug */ = {
			isa = XCBuildConfiguration;
			buildSettings = {
				ASSETCATALOG_COMPILER_APPICON_NAME = AppIcon;
				ASSETCATALOG_COMPILER_GLOBAL_ACCENT_COLOR_NAME = AccentColor;
				CODE_SIGN_STYLE = Automatic;
				CURRENT_PROJECT_VERSION = 1;
				DEVELOPMENT_TEAM = TT8TA55RWH;
				GENERATE_INFOPLIST_FILE = YES;
				INFOPLIST_KEY_UIApplicationSupportsIndirectInputEvents = YES;
				INFOPLIST_KEY_UILaunchStoryboardName = LaunchScreen;
				INFOPLIST_KEY_UIMainStoryboardFile = Main;
				INFOPLIST_KEY_UIStatusBarHidden = YES;
				INFOPLIST_KEY_UISupportedInterfaceOrientations_iPad = "UIInterfaceOrientationPortrait UIInterfaceOrientationPortraitUpsideDown UIInterfaceOrientationLandscapeLeft UIInterfaceOrientationLandscapeRight";
				INFOPLIST_KEY_UISupportedInterfaceOrientations_iPhone = "UIInterfaceOrientationPortrait UIInterfaceOrientationLandscapeLeft UIInterfaceOrientationLandscapeRight";
				LD_RUNPATH_SEARCH_PATHS = (
					"$(inherited)",
					"@executable_path/Frameworks",
				);
				MARKETING_VERSION = 1.0;
				PRODUCT_BUNDLE_IDENTIFIER = com.projectxmaker.100dos.Project14;
				PRODUCT_NAME = "$(TARGET_NAME)";
				SWIFT_EMIT_LOC_STRINGS = YES;
				SWIFT_VERSION = 5.0;
				TARGETED_DEVICE_FAMILY = "1,2";
			};
			name = Debug;
		};
		8AE31E7528A7928500EB17EA /* Release */ = {
			isa = XCBuildConfiguration;
			buildSettings = {
				ASSETCATALOG_COMPILER_APPICON_NAME = AppIcon;
				ASSETCATALOG_COMPILER_GLOBAL_ACCENT_COLOR_NAME = AccentColor;
				CODE_SIGN_STYLE = Automatic;
				CURRENT_PROJECT_VERSION = 1;
				DEVELOPMENT_TEAM = TT8TA55RWH;
				GENERATE_INFOPLIST_FILE = YES;
				INFOPLIST_KEY_UIApplicationSupportsIndirectInputEvents = YES;
				INFOPLIST_KEY_UILaunchStoryboardName = LaunchScreen;
				INFOPLIST_KEY_UIMainStoryboardFile = Main;
				INFOPLIST_KEY_UIStatusBarHidden = YES;
				INFOPLIST_KEY_UISupportedInterfaceOrientations_iPad = "UIInterfaceOrientationPortrait UIInterfaceOrientationPortraitUpsideDown UIInterfaceOrientationLandscapeLeft UIInterfaceOrientationLandscapeRight";
				INFOPLIST_KEY_UISupportedInterfaceOrientations_iPhone = "UIInterfaceOrientationPortrait UIInterfaceOrientationLandscapeLeft UIInterfaceOrientationLandscapeRight";
				LD_RUNPATH_SEARCH_PATHS = (
					"$(inherited)",
					"@executable_path/Frameworks",
				);
				MARKETING_VERSION = 1.0;
				PRODUCT_BUNDLE_IDENTIFIER = com.projectxmaker.100dos.Project14;
				PRODUCT_NAME = "$(TARGET_NAME)";
				SWIFT_EMIT_LOC_STRINGS = YES;
				SWIFT_VERSION = 5.0;
				TARGETED_DEVICE_FAMILY = "1,2";
			};
			name = Release;
		};
/* End XCBuildConfiguration section */

/* Begin XCConfigurationList section */
		8AE31E5728A7928400EB17EA /* Build configuration list for PBXProject "Project14" */ = {
			isa = XCConfigurationList;
			buildConfigurations = (
				8AE31E7128A7928500EB17EA /* Debug */,
				8AE31E7228A7928500EB17EA /* Release */,
			);
			defaultConfigurationIsVisible = 0;
			defaultConfigurationName = Release;
		};
		8AE31E7328A7928500EB17EA /* Build configuration list for PBXNativeTarget "Project14" */ = {
			isa = XCConfigurationList;
			buildConfigurations = (
				8AE31E7428A7928500EB17EA /* Debug */,
				8AE31E7528A7928500EB17EA /* Release */,
			);
			defaultConfigurationIsVisible = 0;
			defaultConfigurationName = Release;
		};
/* End XCConfigurationList section */
	};
	rootObject = 8AE31E5428A7928400EB17EA /* Project object */;
}
